
Microsoft Visual Studio Solution File, Format Version 12.00
# Visual Studio 15
VisualStudioVersion = 15.0.27703.2018
MinimumVisualStudioVersion = 10.0.40219.1
Project("{FAE04EC0-301F-11D3-BF4B-00C04F79EFBC}") = "MyPwaTestApp", "MyPwaTestApp\MyPwaTestApp.csproj", "{FFE459D5-6FEB-49CD-9E05-EACB3EA84D15}"
EndProject
Global
	GlobalSection(SolutionConfigurationPlatforms) = preSolution
		Debug|Any CPU = Debug|Any CPU
		Release|Any CPU = Release|Any CPU
	EndGlobalSection
	GlobalSection(ProjectConfigurationPlatforms) = postSolution
		{FFE459D5-6FEB-49CD-9E05-EACB3EA84D15}.Debug|Any CPU.ActiveCfg = Debug|Any CPU
		{FFE459D5-6FEB-49CD-9E05-EACB3EA84D15}.Debug|Any CPU.Build.0 = Debug|Any CPU
		{FFE459D5-6FEB-49CD-9E05-EACB3EA84D15}.Release|Any CPU.ActiveCfg = Release|Any CPU
		{FFE459D5-6FEB-49CD-9E05-EACB3EA84D15}.Release|Any CPU.Build.0 = Release|Any CPU
	EndGlobalSection
	GlobalSection(SolutionProperties) = preSolution
		HideSolutionNode = FALSE
	EndGlobalSection
	GlobalSection(ExtensibilityGlobals) = postSolution
		SolutionGuid = {607973EB-5DB6-474E-AD4D-8CFEAAC401C7}
	EndGlobalSection
EndGlobal
